{
  "version": 4,
  "terraform_version": "1.14.3",
  "serial": 134,
  "lineage": "26ec54ff-4dca-bd6c-7c2a-d2425077d4ac",
  "outputs": {},
  "resources": [
    {
      "mode": "managed",
      "type": "aws_iam_user",
      "name": "dev_viewer",
      "provider": "provider[\"registry.terraform.io/hashicorp/aws\"]",
      "instances": [
        {
          "schema_version": 0,
          "attributes": {
            "arn": "arn:aws:iam::597088021675:user/bedrock-dev-view",
            "force_destroy": false,
            "id": "bedrock-dev-view",
            "name": "bedrock-dev-view",
            "path": "/",
            "permissions_boundary": "",
            "tags": {
              "Project": "Bedrock"
            },
            "tags_all": {
              "Project": "Bedrock"
            },
            "unique_id": "AIDAYWBJYFSVWXTFSTPZF"
          },
          "sensitive_attributes": [],
          "identity_schema_version": 0,
          "private": "bnVsbA=="
        }
      ]
    },
    {
      "mode": "managed",
      "type": "aws_vpc",
      "name": "main",
      "provider": "provider[\"registry.terraform.io/hashicorp/aws\"]",
      "instances": [
        {
          "schema_version": 1,
          "attributes": {
            "arn": "arn:aws:ec2:us-east-1:597088021675:vpc/vpc-0a5ca634bd32ef9c7",
            "assign_generated_ipv6_cidr_block": false,
            "cidr_block": "10.0.0.0/16",
            "default_network_acl_id": "acl-06cf3cc5007a1d029",
            "default_route_table_id": "rtb-03b70c8a9f46b7c72",
            "default_security_group_id": "sg-00562fe12a9f48c3a",
            "dhcp_options_id": "dopt-0ab5dffc94c751712",
            "enable_dns_hostnames": true,
            "enable_dns_support": true,
            "enable_network_address_usage_metrics": false,
            "id": "vpc-0a5ca634bd32ef9c7",
            "instance_tenancy": "default",
            "ipv4_ipam_pool_id": null,
            "ipv4_netmask_length": null,
            "ipv6_association_id": "",
            "ipv6_cidr_block": "",
            "ipv6_cidr_block_network_border_group": "",
            "ipv6_ipam_pool_id": "",
            "ipv6_netmask_length": 0,
            "main_route_table_id": "rtb-03b70c8a9f46b7c72",
            "owner_id": "597088021675",
            "tags": {
              "Name": "bedrock-vpc"
            },
            "tags_all": {
              "Name": "bedrock-vpc"
            }
          },
          "sensitive_attributes": [],
          "identity_schema_version": 0,
          "private": "eyJzY2hlbWFfdmVyc2lvbiI6IjEifQ=="
        }
      ]
    }
  ],
  "check_results": [
    {
      "object_kind": "resource",
      "config_addr": "module.eks.module.self_managed_node_group.module.user_data.null_resource.validate_cluster_service_cidr",
      "status": "unknown",
      "objects": null
    },
    {
      "object_kind": "resource",
      "config_addr": "module.eks.module.eks_managed_node_group.module.user_data.null_resource.validate_cluster_service_cidr",
      "status": "unknown",
      "objects": null
    },
    {
      "object_kind": "var",
      "config_addr": "module.eks.module.self_managed_node_group.var.platform",
      "status": "unknown",
      "objects": null
    }
  ]
}
